
Microsoft Visual Studio Solution File, Format Version 12.00
# Visual Studio 15
VisualStudioVersion = 15.0.28307.136
MinimumVisualStudioVersion = 10.0.40219.1
Project("{FAE04EC0-301F-11D3-BF4B-00C04F79EFBC}") = "ProcessManager", "ProcessManager.csproj", "{98CA74C7-A074-434D-9772-75896E73CEAA}"
EndProject
Global
	GlobalSection(SolutionConfigurationPlatforms) = preSolution
		Debug|Any CPU = Debug|Any CPU
		Release|Any CPU = Release|Any CPU
	EndGlobalSection
	GlobalSection(ProjectConfigurationPlatforms) = postSolution
		{98CA74C7-A074-434D-9772-75896E73CEAA}.Debug|Any CPU.ActiveCfg = Debug|Any CPU
		{98CA74C7-A074-434D-9772-75896E73CEAA}.Debug|Any CPU.Build.0 = Debug|Any CPU
		{98CA74C7-A074-434D-9772-75896E73CEAA}.Release|Any CPU.ActiveCfg = Release|Any CPU
		{98CA74C7-A074-434D-9772-75896E73CEAA}.Release|Any CPU.Build.0 = Release|Any CPU
	EndGlobalSection
	GlobalSection(SolutionProperties) = preSolution
		HideSolutionNode = FALSE
	EndGlobalSection
	GlobalSection(ExtensibilityGlobals) = postSolution
		SolutionGuid = {EA625DA1-2E6D-4092-B504-DEE5CD2E9F43}
	EndGlobalSection
EndGlobal
